GIT
  remote: https://github.com/smokinblackdog/encrypth.git
  revision: 59aee8e31db5c158976a7db43cf5e9b4524f5cd9
  branch: main
  specs:
    encrypth (0.2.0)

GEM
  remote: https://rubygems.org/
  specs:
    base64 (0.3.0)
    json (2.19.5)
    logger (1.7.0)
    mustermann (3.1.1)
    nio4r (2.7.5)
    puma (8.0.1)
      nio4r (~> 2.0)
    rack (3.2.6)
    rack-protection (4.2.1)
      base64 (>= 0.1.0)
      logger (>= 1.6.0)
      rack (>= 3.0.0, < 4)
    rack-session (2.1.2)
      base64 (>= 0.1.0)
      rack (>= 3.0.0)
    sinatra (4.2.1)
      logger (>= 1.6.0)
      mustermann (~> 3.0)
      rack (>= 3.0.0, < 4)
      rack-protection (= 4.2.1)
      rack-session (>= 2.0.0, < 3)
      tilt (~> 2.0)
    tilt (2.7.0)

PLATFORMS
  x64-mingw-ucrt

DEPENDENCIES
  encrypth!
  json
  puma
  sinatra

BUNDLED WITH
   2.6.9
